
Microsoft Visual Studio Solution File, Format Version 12.00
# Visual Studio Version 16
VisualStudioVersion = 16.0.29613.14
MinimumVisualStudioVersion = 10.0.40219.1
Project("{FAE04EC0-301F-11D3-BF4B-00C04F79EFBC}") = "ExcelImportWithColSelectionByAmit", "ExcelImportWithColSelectionByAmit.csproj", "{104BBB82-ABCA-4749-A467-916CDA6E3E89}"
EndProject
Project("{2150E333-8FDC-42A3-9474-1A3956D46DE8}") = "Solution Items", "Solution Items", "{710B24A3-CE03-4CD8-BD60-295D0A558270}"
	ProjectSection(SolutionItems) = preProject
		.editorconfig = .editorconfig
	EndProjectSection
EndProject
Global
	GlobalSection(SolutionConfigurationPlatforms) = preSolution
		Debug|Any CPU = Debug|Any CPU
		Release|Any CPU = Release|Any CPU
	EndGlobalSection
	GlobalSection(ProjectConfigurationPlatforms) = postSolution
		{104BBB82-ABCA-4749-A467-916CDA6E3E89}.Debug|Any CPU.ActiveCfg = Debug|Any CPU
		{104BBB82-ABCA-4749-A467-916CDA6E3E89}.Debug|Any CPU.Build.0 = Debug|Any CPU
		{104BBB82-ABCA-4749-A467-916CDA6E3E89}.Release|Any CPU.ActiveCfg = Release|Any CPU
		{104BBB82-ABCA-4749-A467-916CDA6E3E89}.Release|Any CPU.Build.0 = Release|Any CPU
	EndGlobalSection
	GlobalSection(SolutionProperties) = preSolution
		HideSolutionNode = FALSE
	EndGlobalSection
	GlobalSection(ExtensibilityGlobals) = postSolution
		SolutionGuid = {6264D91E-AE9D-45F1-8FAB-1B5F99C425B3}
	EndGlobalSection
EndGlobal
